
Microsoft Visual Studio Solution File, Format Version 12.00
Project("{FAE04EC0-301F-11D3-BF4B-00C04F79EFBC}") = "PasswordStrengthChecker", "PasswordStrengthChecker\PasswordStrengthChecker.csproj", "{FD4168B8-F0F1-4B8F-BC43-C1ABCA912CB1}"
EndProject
Project("{FAE04EC0-301F-11D3-BF4B-00C04F79EFBC}") = "PasswordStrengthChecker.Tests", "PasswordStrengthChecker.Tests\PasswordStrengthChecker.Tests.csproj", "{63CDBC0C-08F3-4934-887E-1AE48EA0A413}"
EndProject
Global
	GlobalSection(SolutionConfigurationPlatforms) = preSolution
		Debug|Any CPU = Debug|Any CPU
		Release|Any CPU = Release|Any CPU
	EndGlobalSection
	GlobalSection(ProjectConfigurationPlatforms) = postSolution
		{FD4168B8-F0F1-4B8F-BC43-C1ABCA912CB1}.Debug|Any CPU.ActiveCfg = Debug|Any CPU
		{FD4168B8-F0F1-4B8F-BC43-C1ABCA912CB1}.Debug|Any CPU.Build.0 = Debug|Any CPU
		{FD4168B8-F0F1-4B8F-BC43-C1ABCA912CB1}.Release|Any CPU.ActiveCfg = Release|Any CPU
		{FD4168B8-F0F1-4B8F-BC43-C1ABCA912CB1}.Release|Any CPU.Build.0 = Release|Any CPU
		{63CDBC0C-08F3-4934-887E-1AE48EA0A413}.Debug|Any CPU.ActiveCfg = Debug|Any CPU
		{63CDBC0C-08F3-4934-887E-1AE48EA0A413}.Debug|Any CPU.Build.0 = Debug|Any CPU
		{63CDBC0C-08F3-4934-887E-1AE48EA0A413}.Release|Any CPU.ActiveCfg = Release|Any CPU
		{63CDBC0C-08F3-4934-887E-1AE48EA0A413}.Release|Any CPU.Build.0 = Release|Any CPU
	EndGlobalSection
EndGlobal
